// !$*UTF8*$!
{
	archiveVersion = 1;
	classes = {
	};
	objectVersion = 46;
	objects = {

/* Begin PBXBuildFile section */
		531736AB1CE300C700511D9D /* AppDelegate.swift in Sources */ = {isa = PBXBuildFile; fileRef = 531736AA1CE300C700511D9D /* AppDelegate.swift */; };
		531736AD1CE300C700511D9D /* ViewController.swift in Sources */ = {isa = PBXBuildFile; fileRef = 531736AC1CE300C700511D9D /* ViewController.swift */; };
		531736AF1CE300C700511D9D /* Assets.xcassets in Resources */ = {isa = PBXBuildFile; fileRef = 531736AE1CE300C700511D9D /* Assets.xcassets */; };
		531736B21CE300C700511D9D /* Main.storyboard in Resources */ = {isa = PBXBuildFile; fileRef = 531736B01CE300C700511D9D /* Main.storyboard */; };
		531736BA1CE3025C00511D9D /* SelectableTextField.swift in Sources */ = {isa = PBXBuildFile; fileRef = 531736B91CE3025C00511D9D /* SelectableTextField.swift */; };
		538F77A41CEC41CC00064898 /* DraggableButton.m in Sources */ = {isa = PBXBuildFile; fileRef = 538F77A31CEC41CC00064898 /* DraggableButton.m */; };
/* End PBXBuildFile section */

/* Begin PBXFileReference section */
		531736A71CE300C700511D9D /* osxdraggable.app */ = {isa = PBXFileReference; explicitFileType = wrapper.application; includeInIndex = 0; path = osxdraggable.app; sourceTree = BUILT_PRODUCTS_DIR; };
		531736AA1CE300C700511D9D /* AppDelegate.swift */ = {isa = PBXFileReference; lastKnownFileType = sourcecode.swift; path = AppDelegate.swift; sourceTree = "<group>"; };
		531736AC1CE300C700511D9D /* ViewController.swift */ = {isa = PBXFileReference; lastKnownFileType = sourcecode.swift; path = ViewController.swift; sourceTree = "<group>"; };
		531736AE1CE300C700511D9D /* Assets.xcassets */ = {isa = PBXFileReference; lastKnownFileType = folder.assetcatalog; path = Assets.xcassets; sourceTree = "<group>"; };
		531736B11CE300C700511D9D /* Base */ = {isa = PBXFileReference; lastKnownFileType = file.storyboard; name = Base; path = Base.lproj/Main.storyboard; sourceTree = "<group>"; };
		531736B31CE300C700511D9D /* Info.plist */ = {isa = PBXFileReference; lastKnownFileType = text.plist.xml; path = Info.plist; sourceTree = "<group>"; };
		531736B91CE3025C00511D9D /* SelectableTextField.swift */ = {isa = PBXFileReference; fileEncoding = 4; lastKnownFileType = sourcecode.swift; path = SelectableTextField.swift; sourceTree = "<group>"; };
		538F77A11CEC41CC00064898 /* osxdraggable-Bridging-Header.h */ = {isa = PBXFileReference; lastKnownFileType = sourcecode.c.h; path = "osxdraggable-Bridging-Header.h"; sourceTree = "<group>"; };
		538F77A21CEC41CC00064898 /* DraggableButton.h */ = {isa = PBXFileReference; fileEncoding = 4; lastKnownFileType = sourcecode.c.h; path = DraggableButton.h; sourceTree = "<group>"; };
		538F77A31CEC41CC00064898 /* DraggableButton.m */ = {isa = PBXFileReference; fileEncoding = 4; lastKnownFileType = sourcecode.c.objc; path = DraggableButton.m; sourceTree = "<group>"; };
/* End PBXFileReference section */

/* Begin PBXFrameworksBuildPhase section */
		531736A41CE300C700511D9D /* Frameworks */ = {
			isa = PBXFrameworksBuildPhase;
			buildActionMask = 2147483647;
			files = (
			);
			runOnlyForDeploymentPostprocessing = 0;
		};
/* End PBXFrameworksBuildPhase section */

/* Begin PBXGroup section */
		5317369E1CE300C700511D9D = {
			isa = PBXGroup;
			children = (
				531736A91CE300C700511D9D /* osxdraggable */,
				531736A81CE300C700511D9D /* Products */,
			);
			sourceTree = "<group>";
		};
		531736A81CE300C700511D9D /* Products */ = {
			isa = PBXGroup;
			children = (
				531736A71CE300C700511D9D /* osxdraggable.app */,
			);
			name = Products;
			sourceTree = "<group>";
		};
		531736A91CE300C700511D9D /* osxdraggable */ = {
			isa = PBXGroup;
			children = (
				538F77A21CEC41CC00064898 /* DraggableButton.h */,
				538F77A31CEC41CC00064898 /* DraggableButton.m */,
				531736AA1CE300C700511D9D /* AppDelegate.swift */,
				531736AC1CE300C700511D9D /* ViewController.swift */,
				531736B91CE3025C00511D9D /* SelectableTextField.swift */,
				531736AE1CE300C700511D9D /* Assets.xcassets */,
				531736B01CE300C700511D9D /* Main.storyboard */,
				531736B31CE300C700511D9D /* Info.plist */,
				538F77A11CEC41CC00064898 /* osxdraggable-Bridging-Header.h */,
			);
			path = osxdraggable;
			sourceTree = "<group>";
		};
/* End PBXGroup section */

/* Begin PBXNativeTarget section */
		531736A61CE300C700511D9D /* osxdraggable */ = {
			isa = PBXNativeTarget;
			buildConfigurationList = 531736B61CE300C700511D9D /* Build configuration list for PBXNativeTarget "osxdraggable" */;
			buildPhases = (
				531736A31CE300C700511D9D /* Sources */,
				531736A41CE300C700511D9D /* Frameworks */,
				531736A51CE300C700511D9D /* Resources */,
			);
			buildRules = (
			);
			dependencies = (
			);
			name = osxdraggable;
			productName = osxdraggable;
			productReference = 531736A71CE300C700511D9D /* osxdraggable.app */;
			productType = "com.apple.product-type.application";
		};
/* End PBXNativeTarget section */

/* Begin PBXProject section */
		5317369F1CE300C700511D9D /* Project object */ = {
			isa = PBXProject;
			attributes = {
				LastSwiftUpdateCheck = 0730;
				LastUpgradeCheck = 0730;
				ORGANIZATIONNAME = IB;
				TargetAttributes = {
					531736A61CE300C700511D9D = {
						CreatedOnToolsVersion = 7.3;
					};
				};
			};
			buildConfigurationList = 531736A21CE300C700511D9D /* Build configuration list for PBXProject "osxdraggable" */;
			compatibilityVersion = "Xcode 3.2";
			developmentRegion = English;
			hasScannedForEncodings = 0;
			knownRegions = (
				en,
				Base,
			);
			mainGroup = 5317369E1CE300C700511D9D;
			productRefGroup = 531736A81CE300C700511D9D /* Products */;
			projectDirPath = "";
			projectRoot = "";
			targets = (
				531736A61CE300C700511D9D /* osxdraggable */,
			);
		};
/* End PBXProject section */

/* Begin PBXResourcesBuildPhase section */
		531736A51CE300C700511D9D /* Resources */ = {
			isa = PBXResourcesBuildPhase;
			buildActionMask = 2147483647;
			files = (
				531736AF1CE300C700511D9D /* Assets.xcassets in Resources */,
				531736B21CE300C700511D9D /* Main.storyboard in Resources */,
			);
			runOnlyForDeploymentPostprocessing = 0;
		};
/* End PBXResourcesBuildPhase section */

/* Begin PBXSourcesBuildPhase section */
		531736A31CE300C700511D9D /* Sources */ = {
			isa = PBXSourcesBuildPhase;
			buildActionMask = 2147483647;
			files = (
				531736AD1CE300C700511D9D /* ViewController.swift in Sources */,
				538F77A41CEC41CC00064898 /* DraggableButton.m in Sources */,
				531736AB1CE300C700511D9D /* AppDelegate.swift in Sources */,
				531736BA1CE3025C00511D9D /* SelectableTextField.swift in Sources */,
			);
			runOnlyForDeploymentPostprocessing = 0;
		};
/* End PBXSourcesBuildPhase section */

/* Begin PBXVariantGroup section */
		531736B01CE300C700511D9D /* Main.storyboard */ = {
			isa = PBXVariantGroup;
			children = (
				531736B11CE300C700511D9D /* Base */,
			);
			name = Main.storyboard;
			sourceTree = "<group>";
		};
/* End PBXVariantGroup section */

/* Begin XCBuildConfiguration section */
		531736B41CE300C700511D9D /* Debug */ = {
			isa = XCBuildConfiguration;
			buildSettings = {
				ALWAYS_SEARCH_USER_PATHS = NO;
				CLANG_ANALYZER_NONNULL = YES;
				CLANG_CXX_LANGUAGE_STANDARD = "gnu++0x";
				CLANG_CXX_LIBRARY = "libc++";
				CLANG_ENABLE_MODULES = YES;
				CLANG_ENABLE_OBJC_ARC = YES;
				CLANG_WARN_BOOL_CONVERSION = YES;
				CLANG_WARN_CONSTANT_CONVERSION = YES;
				CLANG_WARN_DIRECT_OBJC_ISA_USAGE = YES_ERROR;
				CLANG_WARN_EMPTY_BODY = YES;
				CLANG_WARN_ENUM_CONVERSION = YES;
				CLANG_WARN_INT_CONVERSION = YES;
				CLANG_WARN_OBJC_ROOT_CLASS = YES_ERROR;
				CLANG_WARN_UNREACHABLE_CODE = YES;
				CLANG_WARN__DUPLICATE_METHOD_MATCH = YES;
				CODE_SIGN_IDENTITY = "-";
				COPY_PHASE_STRIP = NO;
				DEBUG_INFORMATION_FORMAT = dwarf;
				ENABLE_STRICT_OBJC_MSGSEND = YES;
				ENABLE_TESTABILITY = YES;
				GCC_C_LANGUAGE_STANDARD = gnu99;
				GCC_DYNAMIC_NO_PIC = NO;
				GCC_NO_COMMON_BLOCKS = YES;
				GCC_OPTIMIZATION_LEVEL = 0;
				GCC_PREPROCESSOR_DEFINITIONS = (
					"DEBUG=1",
					"$(inherited)",
				);
				GCC_WARN_64_TO_32_BIT_CONVERSION = YES;
				GCC_WARN_ABOUT_RETURN_TYPE = YES_ERROR;
				GCC_WARN_UNDECLARED_SELECTOR = YES;
				GCC_WARN_UNINITIALIZED_AUTOS = YES_AGGRESSIVE;
				GCC_WARN_UNUSED_FUNCTION = YES;
				GCC_WARN_UNUSED_VARIABLE = YES;
				MACOSX_DEPLOYMENT_TARGET = 10.11;
				MTL_ENABLE_DEBUG_INFO = YES;
				ONLY_ACTIVE_ARCH = YES;
				SDKROOT = macosx;
				SWIFT_OPTIMIZATION_LEVEL = "-Onone";
			};
			name = Debug;
		};
		531736B51CE300C700511D9D /* Release */ = {
			isa = XCBuildConfiguration;
			buildSettings = {
				ALWAYS_SEARCH_USER_PATHS = NO;
				CLANG_ANALYZER_NONNULL = YES;
				CLANG_CXX_LANGUAGE_STANDARD = "gnu++0x";
				CLANG_CXX_LIBRARY = "libc++";
				CLANG_ENABLE_MODULES = YES;
				CLANG_ENABLE_OBJC_ARC = YES;
				CLANG_WARN_BOOL_CONVERSION = YES;
				CLANG_WARN_CONSTANT_CONVERSION = YES;
				CLANG_WARN_DIRECT_OBJC_ISA_USAGE = YES_ERROR;
				CLANG_WARN_EMPTY_BODY = YES;
				CLANG_WARN_ENUM_CONVERSION = YES;
				CLANG_WARN_INT_CONVERSION = YES;
				CLANG_WARN_OBJC_ROOT_CLASS = YES_ERROR;
				CLANG_WARN_UNREACHABLE_CODE = YES;
				CLANG_WARN__DUPLICATE_METHOD_MATCH = YES;
				CODE_SIGN_IDENTITY = "-";
				COPY_PHASE_STRIP = NO;
				DEBUG_INFORMATION_FORMAT = "dwarf-with-dsym";
				ENABLE_NS_ASSERTIONS = NO;
				ENABLE_STRICT_OBJC_MSGSEND = YES;
				GCC_C_LANGUAGE_STANDARD = gnu99;
				GCC_NO_COMMON_BLOCKS = YES;
				GCC_WARN_64_TO_32_BIT_CONVERSION = YES;
				GCC_WARN_ABOUT_RETURN_TYPE = YES_ERROR;
				GCC_WARN_UNDECLARED_SELECTOR = YES;
				GCC_WARN_UNINITIALIZED_AUTOS = YES_AGGRESSIVE;
				GCC_WARN_UNUSED_FUNCTION = YES;
				GCC_WARN_UNUSED_VARIABLE = YES;
				MACOSX_DEPLOYMENT_TARGET = 10.11;
				MTL_ENABLE_DEBUG_INFO = NO;
				SDKROOT = macosx;
			};
			name = Release;
		};
		531736B71CE300C700511D9D /* Debug */ = {
			isa = XCBuildConfiguration;
			buildSettings = {
				ASSETCATALOG_COMPILER_APPICON_NAME = AppIcon;
				CLANG_ENABLE_MODULES = YES;
				COMBINE_HIDPI_IMAGES = YES;
				INFOPLIST_FILE = osxdraggable/Info.plist;
				LD_RUNPATH_SEARCH_PATHS = "$(inherited) @executable_path/../Frameworks";
				PRODUCT_BUNDLE_IDENTIFIER = com.IB.osxdraggable;
				PRODUCT_NAME = "$(TARGET_NAME)";
				SWIFT_OBJC_BRIDGING_HEADER = "osxdraggable/osxdraggable-Bridging-Header.h";
				SWIFT_OPTIMIZATION_LEVEL = "-Onone";
			};
			name = Debug;
		};
		531736B81CE300C700511D9D /* Release */ = {
			isa = XCBuildConfiguration;
			buildSettings = {
				ASSETCATALOG_COMPILER_APPICON_NAME = AppIcon;
				CLANG_ENABLE_MODULES = YES;
				COMBINE_HIDPI_IMAGES = YES;
				INFOPLIST_FILE = osxdraggable/Info.plist;
				LD_RUNPATH_SEARCH_PATHS = "$(inherited) @executable_path/../Frameworks";
				PRODUCT_BUNDLE_IDENTIFIER = com.IB.osxdraggable;
				PRODUCT_NAME = "$(TARGET_NAME)";
				SWIFT_OBJC_BRIDGING_HEADER = "osxdraggable/osxdraggable-Bridging-Header.h";
			};
			name = Release;
		};
/* End XCBuildConfiguration section */

/* Begin XCConfigurationList section */
		531736A21CE300C700511D9D /* Build configuration list for PBXProject "osxdraggable" */ = {
			isa = XCConfigurationList;
			buildConfigurations = (
				531736B41CE300C700511D9D /* Debug */,
				531736B51CE300C700511D9D /* Release */,
			);
			defaultConfigurationIsVisible = 0;
			defaultConfigurationName = Release;
		};
		531736B61CE300C700511D9D /* Build configuration list for PBXNativeTarget "osxdraggable" */ = {
			isa = XCConfigurationList;
			buildConfigurations = (
				531736B71CE300C700511D9D /* Debug */,
				531736B81CE300C700511D9D /* Release */,
			);
			defaultConfigurationIsVisible = 0;
			defaultConfigurationName = Release;
		};
/* End XCConfigurationList section */
	};
	rootObject = 5317369F1CE300C700511D9D /* Project object */;
}
